
Microsoft Visual Studio Solution File, Format Version 12.00
# Visual Studio Version 17
VisualStudioVersion = 17.3.32825.248
MinimumVisualStudioVersion = 10.0.40219.1
Project("{FAE04EC0-301F-11D3-BF4B-00C04F79EFBC}") = "StarTrekWebAPI", "StarTrekWebAPI\StarTrekWebAPI.csproj", "{C214F416-22AA-45C9-B130-0A25A7CF9466}"
EndProject
Global
	GlobalSection(SolutionConfigurationPlatforms) = preSolution
		Debug|Any CPU = Debug|Any CPU
		Release|Any CPU = Release|Any CPU
	EndGlobalSection
	GlobalSection(ProjectConfigurationPlatforms) = postSolution
		{C214F416-22AA-45C9-B130-0A25A7CF9466}.Debug|Any CPU.ActiveCfg = Debug|Any CPU
		{C214F416-22AA-45C9-B130-0A25A7CF9466}.Debug|Any CPU.Build.0 = Debug|Any CPU
		{C214F416-22AA-45C9-B130-0A25A7CF9466}.Release|Any CPU.ActiveCfg = Release|Any CPU
		{C214F416-22AA-45C9-B130-0A25A7CF9466}.Release|Any CPU.Build.0 = Release|Any CPU
	EndGlobalSection
	GlobalSection(SolutionProperties) = preSolution
		HideSolutionNode = FALSE
	EndGlobalSection
	GlobalSection(ExtensibilityGlobals) = postSolution
		SolutionGuid = {55ACD6F9-1BAD-444C-AB4B-3C6024A196C6}
	EndGlobalSection
EndGlobal
